// !$*UTF8*$!
{
	archiveVersion = 1;
	classes = {
	};
	objectVersion = 56;
	objects = {

/* Begin PBXBuildFile section */
		AD8AE5382B7BA40000C623A7 /* AppDelegate.swift in Sources */ = {isa = PBXBuildFile; fileRef = AD8AE5372B7BA40000C623A7 /* AppDelegate.swift */; };
		AD8AE53A2B7BA40000C623A7 /* SceneDelegate.swift in Sources */ = {isa = PBXBuildFile; fileRef = AD8AE5392B7BA40000C623A7 /* SceneDelegate.swift */; };
		AD8AE53C2B7BA40000C623A7 /* ViewController.swift in Sources */ = {isa = PBXBuildFile; fileRef = AD8AE53B2B7BA40000C623A7 /* ViewController.swift */; };
		AD8AE53F2B7BA40000C623A7 /* Main.storyboard in Resources */ = {isa = PBXBuildFile; fileRef = AD8AE53D2B7BA40000C623A7 /* Main.storyboard */; };
		AD8AE5422B7BA40000C623A7 /* Anandpro.xcdatamodeld in Sources */ = {isa = PBXBuildFile; fileRef = AD8AE5402B7BA40000C623A7 /* Anandpro.xcdatamodeld */; };
		AD8AE5442B7BA40200C623A7 /* Assets.xcassets in Resources */ = {isa = PBXBuildFile; fileRef = AD8AE5432B7BA40200C623A7 /* Assets.xcassets */; };
		AD8AE5472B7BA40200C623A7 /* LaunchScreen.storyboard in Resources */ = {isa = PBXBuildFile; fileRef = AD8AE5452B7BA40200C623A7 /* LaunchScreen.storyboard */; };
		AD8AE54F2B7BA56500C623A7 /* extension.swift in Sources */ = {isa = PBXBuildFile; fileRef = AD8AE54E2B7BA56500C623A7 /* extension.swift */; };
		AD8AE5512B7BA7D700C623A7 /* CollectionViewCell.swift in Sources */ = {isa = PBXBuildFile; fileRef = AD8AE5502B7BA7D700C623A7 /* CollectionViewCell.swift */; };
/* End PBXBuildFile section */

/* Begin PBXFileReference section */
		AD8AE5342B7BA40000C623A7 /* Anandpro.app */ = {isa = PBXFileReference; explicitFileType = wrapper.application; includeInIndex = 0; path = Anandpro.app; sourceTree = BUILT_PRODUCTS_DIR; };
		AD8AE5372B7BA40000C623A7 /* AppDelegate.swift */ = {isa = PBXFileReference; lastKnownFileType = sourcecode.swift; path = AppDelegate.swift; sourceTree = "<group>"; };
		AD8AE5392B7BA40000C623A7 /* SceneDelegate.swift */ = {isa = PBXFileReference; lastKnownFileType = sourcecode.swift; path = SceneDelegate.swift; sourceTree = "<group>"; };
		AD8AE53B2B7BA40000C623A7 /* ViewController.swift */ = {isa = PBXFileReference; lastKnownFileType = sourcecode.swift; path = ViewController.swift; sourceTree = "<group>"; };
		AD8AE53E2B7BA40000C623A7 /* Base */ = {isa = PBXFileReference; lastKnownFileType = file.storyboard; name = Base; path = Base.lproj/Main.storyboard; sourceTree = "<group>"; };
		AD8AE5412B7BA40000C623A7 /* Anandpro.xcdatamodel */ = {isa = PBXFileReference; lastKnownFileType = wrapper.xcdatamodel; path = Anandpro.xcdatamodel; sourceTree = "<group>"; };
		AD8AE5432B7BA40200C623A7 /* Assets.xcassets */ = {isa = PBXFileReference; lastKnownFileType = folder.assetcatalog; path = Assets.xcassets; sourceTree = "<group>"; };
		AD8AE5462B7BA40200C623A7 /* Base */ = {isa = PBXFileReference; lastKnownFileType = file.storyboard; name = Base; path = Base.lproj/LaunchScreen.storyboard; sourceTree = "<group>"; };
		AD8AE5482B7BA40200C623A7 /* Info.plist */ = {isa = PBXFileReference; lastKnownFileType = text.plist.xml; path = Info.plist; sourceTree = "<group>"; };
		AD8AE54E2B7BA56500C623A7 /* extension.swift */ = {isa = PBXFileReference; lastKnownFileType = sourcecode.swift; path = extension.swift; sourceTree = "<group>"; };
		AD8AE5502B7BA7D700C623A7 /* CollectionViewCell.swift */ = {isa = PBXFileReference; lastKnownFileType = sourcecode.swift; path = CollectionViewCell.swift; sourceTree = "<group>"; };
/* End PBXFileReference section */

/* Begin PBXFrameworksBuildPhase section */
		AD8AE5312B7BA40000C623A7 /* Frameworks */ = {
			isa = PBXFrameworksBuildPhase;
			buildActionMask = 2147483647;
			files = (
			);
			runOnlyForDeploymentPostprocessing = 0;
		};
/* End PBXFrameworksBuildPhase section */

/* Begin PBXGroup section */
		AD8AE52B2B7BA40000C623A7 = {
			isa = PBXGroup;
			children = (
				AD8AE5362B7BA40000C623A7 /* Anandpro */,
				AD8AE5352B7BA40000C623A7 /* Products */,
			);
			sourceTree = "<group>";
		};
		AD8AE5352B7BA40000C623A7 /* Products */ = {
			isa = PBXGroup;
			children = (
				AD8AE5342B7BA40000C623A7 /* Anandpro.app */,
			);
			name = Products;
			sourceTree = "<group>";
		};
		AD8AE5362B7BA40000C623A7 /* Anandpro */ = {
			isa = PBXGroup;
			children = (
				AD8AE5372B7BA40000C623A7 /* AppDelegate.swift */,
				AD8AE5392B7BA40000C623A7 /* SceneDelegate.swift */,
				AD8AE53B2B7BA40000C623A7 /* ViewController.swift */,
				AD8AE54E2B7BA56500C623A7 /* extension.swift */,
				AD8AE5502B7BA7D700C623A7 /* CollectionViewCell.swift */,
				AD8AE53D2B7BA40000C623A7 /* Main.storyboard */,
				AD8AE5432B7BA40200C623A7 /* Assets.xcassets */,
				AD8AE5452B7BA40200C623A7 /* LaunchScreen.storyboard */,
				AD8AE5482B7BA40200C623A7 /* Info.plist */,
				AD8AE5402B7BA40000C623A7 /* Anandpro.xcdatamodeld */,
			);
			path = Anandpro;
			sourceTree = "<group>";
		};
/* End PBXGroup section */

/* Begin PBXNativeTarget section */
		AD8AE5332B7BA40000C623A7 /* Anandpro */ = {
			isa = PBXNativeTarget;
			buildConfigurationList = AD8AE54B2B7BA40200C623A7 /* Build configuration list for PBXNativeTarget "Anandpro" */;
			buildPhases = (
				AD8AE5302B7BA40000C623A7 /* Sources */,
				AD8AE5312B7BA40000C623A7 /* Frameworks */,
				AD8AE5322B7BA40000C623A7 /* Resources */,
			);
			buildRules = (
			);
			dependencies = (
			);
			name = Anandpro;
			productName = Anandpro;
			productReference = AD8AE5342B7BA40000C623A7 /* Anandpro.app */;
			productType = "com.apple.product-type.application";
		};
/* End PBXNativeTarget section */

/* Begin PBXProject section */
		AD8AE52C2B7BA40000C623A7 /* Project object */ = {
			isa = PBXProject;
			attributes = {
				BuildIndependentTargetsInParallel = 1;
				LastSwiftUpdateCheck = 1500;
				LastUpgradeCheck = 1500;
				TargetAttributes = {
					AD8AE5332B7BA40000C623A7 = {
						CreatedOnToolsVersion = 15.0;
					};
				};
			};
			buildConfigurationList = AD8AE52F2B7BA40000C623A7 /* Build configuration list for PBXProject "Anandpro" */;
			compatibilityVersion = "Xcode 14.0";
			developmentRegion = en;
			hasScannedForEncodings = 0;
			knownRegions = (
				en,
				Base,
			);
			mainGroup = AD8AE52B2B7BA40000C623A7;
			productRefGroup = AD8AE5352B7BA40000C623A7 /* Products */;
			projectDirPath = "";
			projectRoot = "";
			targets = (
				AD8AE5332B7BA40000C623A7 /* Anandpro */,
			);
		};
/* End PBXProject section */

/* Begin PBXResourcesBuildPhase section */
		AD8AE5322B7BA40000C623A7 /* Resources */ = {
			isa = PBXResourcesBuildPhase;
			buildActionMask = 2147483647;
			files = (
				AD8AE5472B7BA40200C623A7 /* LaunchScreen.storyboard in Resources */,
				AD8AE5442B7BA40200C623A7 /* Assets.xcassets in Resources */,
				AD8AE53F2B7BA40000C623A7 /* Main.storyboard in Resources */,
			);
			runOnlyForDeploymentPostprocessing = 0;
		};
/* End PBXResourcesBuildPhase section */

/* Begin PBXSourcesBuildPhase section */
		AD8AE5302B7BA40000C623A7 /* Sources */ = {
			isa = PBXSourcesBuildPhase;
			buildActionMask = 2147483647;
			files = (
				AD8AE5422B7BA40000C623A7 /* Anandpro.xcdatamodeld in Sources */,
				AD8AE53C2B7BA40000C623A7 /* ViewController.swift in Sources */,
				AD8AE5512B7BA7D700C623A7 /* CollectionViewCell.swift in Sources */,
				AD8AE5382B7BA40000C623A7 /* AppDelegate.swift in Sources */,
				AD8AE54F2B7BA56500C623A7 /* extension.swift in Sources */,
				AD8AE53A2B7BA40000C623A7 /* SceneDelegate.swift in Sources */,
			);
			runOnlyForDeploymentPostprocessing = 0;
		};
/* End PBXSourcesBuildPhase section */

/* Begin PBXVariantGroup section */
		AD8AE53D2B7BA40000C623A7 /* Main.storyboard */ = {
			isa = PBXVariantGroup;
			children = (
				AD8AE53E2B7BA40000C623A7 /* Base */,
			);
			name = Main.storyboard;
			sourceTree = "<group>";
		};
		AD8AE5452B7BA40200C623A7 /* LaunchScreen.storyboard */ = {
			isa = PBXVariantGroup;
			children = (
				AD8AE5462B7BA40200C623A7 /* Base */,
			);
			name = LaunchScreen.storyboard;
			sourceTree = "<group>";
		};
/* End PBXVariantGroup section */

/* Begin XCBuildConfiguration section */
		AD8AE5492B7BA40200C623A7 /* Debug */ = {
			isa = XCBuildConfiguration;
			buildSettings = {
				ALWAYS_SEARCH_USER_PATHS = NO;
				ASSETCATALOG_COMPILER_GENERATE_SWIFT_ASSET_SYMBOL_EXTENSIONS = YES;
				CLANG_ANALYZER_NONNULL = YES;
				CLANG_ANALYZER_NUMBER_OBJECT_CONVERSION = YES_AGGRESSIVE;
				CLANG_CXX_LANGUAGE_STANDARD = "gnu++20";
				CLANG_ENABLE_MODULES = YES;
				CLANG_ENABLE_OBJC_ARC = YES;
				CLANG_ENABLE_OBJC_WEAK = YES;
				CLANG_WARN_BLOCK_CAPTURE_AUTORELEASING = YES;
				CLANG_WARN_BOOL_CONVERSION = YES;
				CLANG_WARN_COMMA = YES;
				CLANG_WARN_CONSTANT_CONVERSION = YES;
				CLANG_WARN_DEPRECATED_OBJC_IMPLEMENTATIONS = YES;
				CLANG_WARN_DIRECT_OBJC_ISA_USAGE = YES_ERROR;
				CLANG_WARN_DOCUMENTATION_COMMENTS = YES;
				CLANG_WARN_EMPTY_BODY = YES;
				CLANG_WARN_ENUM_CONVERSION = YES;
				CLANG_WARN_INFINITE_RECURSION = YES;
				CLANG_WARN_INT_CONVERSION = YES;
				CLANG_WARN_NON_LITERAL_NULL_CONVERSION = YES;
				CLANG_WARN_OBJC_IMPLICIT_RETAIN_SELF = YES;
				CLANG_WARN_OBJC_LITERAL_CONVERSION = YES;
				CLANG_WARN_OBJC_ROOT_CLASS = YES_ERROR;
				CLANG_WARN_QUOTED_INCLUDE_IN_FRAMEWORK_HEADER = YES;
				CLANG_WARN_RANGE_LOOP_ANALYSIS = YES;
				CLANG_WARN_STRICT_PROTOTYPES = YES;
				CLANG_WARN_SUSPICIOUS_MOVE = YES;
				CLANG_WARN_UNGUARDED_AVAILABILITY = YES_AGGRESSIVE;
				CLANG_WARN_UNREACHABLE_CODE = YES;
				CLANG_WARN__DUPLICATE_METHOD_MATCH = YES;
				COPY_PHASE_STRIP = NO;
				DEBUG_INFORMATION_FORMAT = dwarf;
				ENABLE_STRICT_OBJC_MSGSEND = YES;
				ENABLE_TESTABILITY = YES;
				ENABLE_USER_SCRIPT_SANDBOXING = YES;
				GCC_C_LANGUAGE_STANDARD = gnu17;
				GCC_DYNAMIC_NO_PIC = NO;
				GCC_NO_COMMON_BLOCKS = YES;
				GCC_OPTIMIZATION_LEVEL = 0;
				GCC_PREPROCESSOR_DEFINITIONS = (
					"DEBUG=1",
					"$(inherited)",
				);
				GCC_WARN_64_TO_32_BIT_CONVERSION = YES;
				GCC_WARN_ABOUT_RETURN_TYPE = YES_ERROR;
				GCC_WARN_UNDECLARED_SELECTOR = YES;
				GCC_WARN_UNINITIALIZED_AUTOS = YES_AGGRESSIVE;
				GCC_WARN_UNUSED_FUNCTION = YES;
				GCC_WARN_UNUSED_VARIABLE = YES;
				IPHONEOS_DEPLOYMENT_TARGET = 17.0;
				LOCALIZATION_PREFERS_STRING_CATALOGS = YES;
				MTL_ENABLE_DEBUG_INFO = INCLUDE_SOURCE;
				MTL_FAST_MATH = YES;
				ONLY_ACTIVE_ARCH = YES;
				SDKROOT = iphoneos;
				SWIFT_ACTIVE_COMPILATION_CONDITIONS = "DEBUG $(inherited)";
				SWIFT_OPTIMIZATION_LEVEL = "-Onone";
			};
			name = Debug;
		};
		AD8AE54A2B7BA40200C623A7 /* Release */ = {
			isa = XCBuildConfiguration;
			buildSettings = {
				ALWAYS_SEARCH_USER_PATHS = NO;
				ASSETCATALOG_COMPILER_GENERATE_SWIFT_ASSET_SYMBOL_EXTENSIONS = YES;
				CLANG_ANALYZER_NONNULL = YES;
				CLANG_ANALYZER_NUMBER_OBJECT_CONVERSION = YES_AGGRESSIVE;
				CLANG_CXX_LANGUAGE_STANDARD = "gnu++20";
				CLANG_ENABLE_MODULES = YES;
				CLANG_ENABLE_OBJC_ARC = YES;
				CLANG_ENABLE_OBJC_WEAK = YES;
				CLANG_WARN_BLOCK_CAPTURE_AUTORELEASING = YES;
				CLANG_WARN_BOOL_CONVERSION = YES;
				CLANG_WARN_COMMA = YES;
				CLANG_WARN_CONSTANT_CONVERSION = YES;
				CLANG_WARN_DEPRECATED_OBJC_IMPLEMENTATIONS = YES;
				CLANG_WARN_DIRECT_OBJC_ISA_USAGE = YES_ERROR;
				CLANG_WARN_DOCUMENTATION_COMMENTS = YES;
				CLANG_WARN_EMPTY_BODY = YES;
				CLANG_WARN_ENUM_CONVERSION = YES;
				CLANG_WARN_INFINITE_RECURSION = YES;
				CLANG_WARN_INT_CONVERSION = YES;
				CLANG_WARN_NON_LITERAL_NULL_CONVERSION = YES;
				CLANG_WARN_OBJC_IMPLICIT_RETAIN_SELF = YES;
				CLANG_WARN_OBJC_LITERAL_CONVERSION = YES;
				CLANG_WARN_OBJC_ROOT_CLASS = YES_ERROR;
				CLANG_WARN_QUOTED_INCLUDE_IN_FRAMEWORK_HEADER = YES;
				CLANG_WARN_RANGE_LOOP_ANALYSIS = YES;
				CLANG_WARN_STRICT_PROTOTYPES = YES;
				CLANG_WARN_SUSPICIOUS_MOVE = YES;
				CLANG_WARN_UNGUARDED_AVAILABILITY = YES_AGGRESSIVE;
				CLANG_WARN_UNREACHABLE_CODE = YES;
				CLANG_WARN__DUPLICATE_METHOD_MATCH = YES;
				COPY_PHASE_STRIP = NO;
				DEBUG_INFORMATION_FORMAT = "dwarf-with-dsym";
				ENABLE_NS_ASSERTIONS = NO;
				ENABLE_STRICT_OBJC_MSGSEND = YES;
				ENABLE_USER_SCRIPT_SANDBOXING = YES;
				GCC_C_LANGUAGE_STANDARD = gnu17;
				GCC_NO_COMMON_BLOCKS = YES;
				GCC_WARN_64_TO_32_BIT_CONVERSION = YES;
				GCC_WARN_ABOUT_RETURN_TYPE = YES_ERROR;
				GCC_WARN_UNDECLARED_SELECTOR = YES;
				GCC_WARN_UNINITIALIZED_AUTOS = YES_AGGRESSIVE;
				GCC_WARN_UNUSED_FUNCTION = YES;
				GCC_WARN_UNUSED_VARIABLE = YES;
				IPHONEOS_DEPLOYMENT_TARGET = 17.0;
				LOCALIZATION_PREFERS_STRING_CATALOGS = YES;
				MTL_ENABLE_DEBUG_INFO = NO;
				MTL_FAST_MATH = YES;
				SDKROOT = iphoneos;
				SWIFT_COMPILATION_MODE = wholemodule;
				VALIDATE_PRODUCT = YES;
			};
			name = Release;
		};
		AD8AE54C2B7BA40200C623A7 /* Debug */ = {
			isa = XCBuildConfiguration;
			buildSettings = {
				ASSETCATALOG_COMPILER_APPICON_NAME = AppIcon;
				ASSETCATALOG_COMPILER_GLOBAL_ACCENT_COLOR_NAME = AccentColor;
				CODE_SIGN_STYLE = Automatic;
				CURRENT_PROJECT_VERSION = 1;
				GENERATE_INFOPLIST_FILE = YES;
				INFOPLIST_FILE = Anandpro/Info.plist;
				INFOPLIST_KEY_UIApplicationSupportsIndirectInputEvents = YES;
				INFOPLIST_KEY_UILaunchStoryboardName = LaunchScreen;
				INFOPLIST_KEY_UIMainStoryboardFile = Main;
				INFOPLIST_KEY_UISupportedInterfaceOrientations_iPad = "UIInterfaceOrientationPortrait UIInterfaceOrientationPortraitUpsideDown UIInterfaceOrientationLandscapeLeft UIInterfaceOrientationLandscapeRight";
				INFOPLIST_KEY_UISupportedInterfaceOrientations_iPhone = "UIInterfaceOrientationPortrait UIInterfaceOrientationLandscapeLeft UIInterfaceOrientationLandscapeRight";
				LD_RUNPATH_SEARCH_PATHS = (
					"$(inherited)",
					"@executable_path/Frameworks",
				);
				MARKETING_VERSION = 1.0;
				PRODUCT_BUNDLE_IDENTIFIER = com.sowmiya.Anandpro;
				PRODUCT_NAME = "$(TARGET_NAME)";
				SWIFT_EMIT_LOC_STRINGS = YES;
				SWIFT_VERSION = 5.0;
				TARGETED_DEVICE_FAMILY = "1,2";
			};
			name = Debug;
		};
		AD8AE54D2B7BA40200C623A7 /* Release */ = {
			isa = XCBuildConfiguration;
			buildSettings = {
				ASSETCATALOG_COMPILER_APPICON_NAME = AppIcon;
				ASSETCATALOG_COMPILER_GLOBAL_ACCENT_COLOR_NAME = AccentColor;
				CODE_SIGN_STYLE = Automatic;
				CURRENT_PROJECT_VERSION = 1;
				GENERATE_INFOPLIST_FILE = YES;
				INFOPLIST_FILE = Anandpro/Info.plist;
				INFOPLIST_KEY_UIApplicationSupportsIndirectInputEvents = YES;
				INFOPLIST_KEY_UILaunchStoryboardName = LaunchScreen;
				INFOPLIST_KEY_UIMainStoryboardFile = Main;
				INFOPLIST_KEY_UISupportedInterfaceOrientations_iPad = "UIInterfaceOrientationPortrait UIInterfaceOrientationPortraitUpsideDown UIInterfaceOrientationLandscapeLeft UIInterfaceOrientationLandscapeRight";
				INFOPLIST_KEY_UISupportedInterfaceOrientations_iPhone = "UIInterfaceOrientationPortrait UIInterfaceOrientationLandscapeLeft UIInterfaceOrientationLandscapeRight";
				LD_RUNPATH_SEARCH_PATHS = (
					"$(inherited)",
					"@executable_path/Frameworks",
				);
				MARKETING_VERSION = 1.0;
				PRODUCT_BUNDLE_IDENTIFIER = com.sowmiya.Anandpro;
				PRODUCT_NAME = "$(TARGET_NAME)";
				SWIFT_EMIT_LOC_STRINGS = YES;
				SWIFT_VERSION = 5.0;
				TARGETED_DEVICE_FAMILY = "1,2";
			};
			name = Release;
		};
/* End XCBuildConfiguration section */

/* Begin XCConfigurationList section */
		AD8AE52F2B7BA40000C623A7 /* Build configuration list for PBXProject "Anandpro" */ = {
			isa = XCConfigurationList;
			buildConfigurations = (
				AD8AE5492B7BA40200C623A7 /* Debug */,
				AD8AE54A2B7BA40200C623A7 /* Release */,
			);
			defaultConfigurationIsVisible = 0;
			defaultConfigurationName = Release;
		};
		AD8AE54B2B7BA40200C623A7 /* Build configuration list for PBXNativeTarget "Anandpro" */ = {
			isa = XCConfigurationList;
			buildConfigurations = (
				AD8AE54C2B7BA40200C623A7 /* Debug */,
				AD8AE54D2B7BA40200C623A7 /* Release */,
			);
			defaultConfigurationIsVisible = 0;
			defaultConfigurationName = Release;
		};
/* End XCConfigurationList section */

/* Begin XCVersionGroup section */
		AD8AE5402B7BA40000C623A7 /* Anandpro.xcdatamodeld */ = {
			isa = XCVersionGroup;
			children = (
				AD8AE5412B7BA40000C623A7 /* Anandpro.xcdatamodel */,
			);
			currentVersion = AD8AE5412B7BA40000C623A7 /* Anandpro.xcdatamodel */;
			path = Anandpro.xcdatamodeld;
			sourceTree = "<group>";
			versionGroupType = wrapper.xcdatamodel;
		};
/* End XCVersionGroup section */
	};
	rootObject = AD8AE52C2B7BA40000C623A7 /* Project object */;
}
